
Microsoft Visual Studio Solution File, Format Version 12.00
# Visual Studio 15
VisualStudioVersion = 15.0.27130.2027
MinimumVisualStudioVersion = 10.0.40219.1
Project("{FAE04EC0-301F-11D3-BF4B-00C04F79EFBC}") = "RepositoryNAuthenticaiton", "RepositoryNAuthenticaiton\RepositoryNAuthenticaiton.csproj", "{48B9EC84-212C-431E-A8B5-C25FF7A0FE83}"
EndProject
Project("{FAE04EC0-301F-11D3-BF4B-00C04F79EFBC}") = "RepositoryNAuthenticaiton.Tests", "RepositoryNAuthenticaiton.Tests\RepositoryNAuthenticaiton.Tests.csproj", "{6247179A-E0F0-4433-9BE0-41D387165347}"
EndProject
Global
	GlobalSection(SolutionConfigurationPlatforms) = preSolution
		Debug|Any CPU = Debug|Any CPU
		Release|Any CPU = Release|Any CPU
	EndGlobalSection
	GlobalSection(ProjectConfigurationPlatforms) = postSolution
		{48B9EC84-212C-431E-A8B5-C25FF7A0FE83}.Debug|Any CPU.ActiveCfg = Debug|Any CPU
		{48B9EC84-212C-431E-A8B5-C25FF7A0FE83}.Debug|Any CPU.Build.0 = Debug|Any CPU
		{48B9EC84-212C-431E-A8B5-C25FF7A0FE83}.Release|Any CPU.ActiveCfg = Release|Any CPU
		{48B9EC84-212C-431E-A8B5-C25FF7A0FE83}.Release|Any CPU.Build.0 = Release|Any CPU
		{6247179A-E0F0-4433-9BE0-41D387165347}.Debug|Any CPU.ActiveCfg = Debug|Any CPU
		{6247179A-E0F0-4433-9BE0-41D387165347}.Debug|Any CPU.Build.0 = Debug|Any CPU
		{6247179A-E0F0-4433-9BE0-41D387165347}.Release|Any CPU.ActiveCfg = Release|Any CPU
		{6247179A-E0F0-4433-9BE0-41D387165347}.Release|Any CPU.Build.0 = Release|Any CPU
	EndGlobalSection
	GlobalSection(SolutionProperties) = preSolution
		HideSolutionNode = FALSE
	EndGlobalSection
	GlobalSection(ExtensibilityGlobals) = postSolution
		SolutionGuid = {8E086DC2-3CC6-440A-B586-B1BF8EE2EC19}
	EndGlobalSection
EndGlobal
